
Microsoft Visual Studio Solution File, Format Version 12.00
# Visual Studio Version 16
VisualStudioVersion = 16.0.30804.86
MinimumVisualStudioVersion = 10.0.40219.1
Project("{FAE04EC0-301F-11D3-BF4B-00C04F79EFBC}") = "MyAssemblyTest", "MyAssemblyTest.csproj", "{4C7EE9D0-EECF-4DFC-B0F8-C8EBCB2F1AA9}"
EndProject
Global
	GlobalSection(SolutionConfigurationPlatforms) = preSolution
		Debug|Any CPU = Debug|Any CPU
		Release|Any CPU = Release|Any CPU
	EndGlobalSection
	GlobalSection(ProjectConfigurationPlatforms) = postSolution
		{4C7EE9D0-EECF-4DFC-B0F8-C8EBCB2F1AA9}.Debug|Any CPU.ActiveCfg = Debug|Any CPU
		{4C7EE9D0-EECF-4DFC-B0F8-C8EBCB2F1AA9}.Debug|Any CPU.Build.0 = Debug|Any CPU
		{4C7EE9D0-EECF-4DFC-B0F8-C8EBCB2F1AA9}.Release|Any CPU.ActiveCfg = Release|Any CPU
		{4C7EE9D0-EECF-4DFC-B0F8-C8EBCB2F1AA9}.Release|Any CPU.Build.0 = Release|Any CPU
	EndGlobalSection
	GlobalSection(SolutionProperties) = preSolution
		HideSolutionNode = FALSE
	EndGlobalSection
	GlobalSection(ExtensibilityGlobals) = postSolution
		SolutionGuid = {16E2F3C4-89F5-4920-A681-817B3BA7907D}
	EndGlobalSection
EndGlobal
