
Microsoft Visual Studio Solution File, Format Version 12.00
# Visual Studio Version 16
VisualStudioVersion = 16.0.30804.86
MinimumVisualStudioVersion = 10.0.40219.1
Project("{FAE04EC0-301F-11D3-BF4B-00C04F79EFBC}") = "Basics", "..\CSharpBasics\Basics.csproj", "{3D12C494-DEAB-466F-9E0A-79C950F8544E}"
EndProject
Project("{FAE04EC0-301F-11D3-BF4B-00C04F79EFBC}") = "OOPsDemo", "..\Basics\OOPsDemo\OOPsDemo.csproj", "{F5CE5CAB-2F63-4412-BE7F-E8AA7DEB4BDE}"
EndProject
Project("{FAE04EC0-301F-11D3-BF4B-00C04F79EFBC}") = "OOPsDemo2", "ConsoleApp2\OOPsDemo2.csproj", "{E8B8A6E3-8869-4CBC-8DC0-FD33C60B8939}"
EndProject
Project("{FAE04EC0-301F-11D3-BF4B-00C04F79EFBC}") = "OOPsDemo3", "..\OOPsDemo3\OOPsDemo3.csproj", "{BC631206-A11E-437D-8B00-DFB58940811C}"
EndProject
Project("{FAE04EC0-301F-11D3-BF4B-00C04F79EFBC}") = "CollectionsDemo", "..\CollectionsDemo\CollectionsDemo.csproj", "{A274498C-A720-45EB-9960-99529C9C4584}"
EndProject
Global
	GlobalSection(SolutionConfigurationPlatforms) = preSolution
		Debug|Any CPU = Debug|Any CPU
		Release|Any CPU = Release|Any CPU
	EndGlobalSection
	GlobalSection(ProjectConfigurationPlatforms) = postSolution
		{3D12C494-DEAB-466F-9E0A-79C950F8544E}.Debug|Any CPU.ActiveCfg = Debug|Any CPU
		{3D12C494-DEAB-466F-9E0A-79C950F8544E}.Debug|Any CPU.Build.0 = Debug|Any CPU
		{3D12C494-DEAB-466F-9E0A-79C950F8544E}.Release|Any CPU.ActiveCfg = Release|Any CPU
		{3D12C494-DEAB-466F-9E0A-79C950F8544E}.Release|Any CPU.Build.0 = Release|Any CPU
		{F5CE5CAB-2F63-4412-BE7F-E8AA7DEB4BDE}.Debug|Any CPU.ActiveCfg = Debug|Any CPU
		{F5CE5CAB-2F63-4412-BE7F-E8AA7DEB4BDE}.Debug|Any CPU.Build.0 = Debug|Any CPU
		{F5CE5CAB-2F63-4412-BE7F-E8AA7DEB4BDE}.Release|Any CPU.ActiveCfg = Release|Any CPU
		{F5CE5CAB-2F63-4412-BE7F-E8AA7DEB4BDE}.Release|Any CPU.Build.0 = Release|Any CPU
		{E8B8A6E3-8869-4CBC-8DC0-FD33C60B8939}.Debug|Any CPU.ActiveCfg = Debug|Any CPU
		{E8B8A6E3-8869-4CBC-8DC0-FD33C60B8939}.Debug|Any CPU.Build.0 = Debug|Any CPU
		{E8B8A6E3-8869-4CBC-8DC0-FD33C60B8939}.Release|Any CPU.ActiveCfg = Release|Any CPU
		{E8B8A6E3-8869-4CBC-8DC0-FD33C60B8939}.Release|Any CPU.Build.0 = Release|Any CPU
		{BC631206-A11E-437D-8B00-DFB58940811C}.Debug|Any CPU.ActiveCfg = Debug|Any CPU
		{BC631206-A11E-437D-8B00-DFB58940811C}.Debug|Any CPU.Build.0 = Debug|Any CPU
		{BC631206-A11E-437D-8B00-DFB58940811C}.Release|Any CPU.ActiveCfg = Release|Any CPU
		{BC631206-A11E-437D-8B00-DFB58940811C}.Release|Any CPU.Build.0 = Release|Any CPU
		{A274498C-A720-45EB-9960-99529C9C4584}.Debug|Any CPU.ActiveCfg = Debug|Any CPU
		{A274498C-A720-45EB-9960-99529C9C4584}.Debug|Any CPU.Build.0 = Debug|Any CPU
		{A274498C-A720-45EB-9960-99529C9C4584}.Release|Any CPU.ActiveCfg = Release|Any CPU
		{A274498C-A720-45EB-9960-99529C9C4584}.Release|Any CPU.Build.0 = Release|Any CPU
	EndGlobalSection
	GlobalSection(SolutionProperties) = preSolution
		HideSolutionNode = FALSE
	EndGlobalSection
	GlobalSection(ExtensibilityGlobals) = postSolution
		SolutionGuid = {3F0503BF-8D03-48E2-B5E6-F97A722BDC45}
	EndGlobalSection
EndGlobal
